# Run ./gradlew writeVersionsLocks to regenerate this file. Blank lines are to minimize merge conflicts.

com.github.johnrengelman:shadow:8.1.1 (1 constraints: 0c051736)

com.google.errorprone:error_prone_annotations:2.41.0 (8 constraints: 746ca196)

com.google.guava:failureaccess:1.0.3 (1 constraints: 160ae3b4)

com.google.guava:guava:33.4.8-jre (4 constraints: 633f9ada)

com.google.guava:listenablefuture:9999.0-empty-to-avoid-conflict-with-guava (1 constraints: bd17c918)

com.google.j2objc:j2objc-annotations:3.0.0 (1 constraints: 150aeab4)

commons-io:commons-io:2.20.0 (2 constraints: 47133a57)

org.apache.ant:ant:1.10.13 (1 constraints: 440eb754)

org.apache.ant:ant-launcher:1.10.13 (1 constraints: c4086296)

org.apache.logging.log4j:log4j-api:2.20.0 (1 constraints: b70e1476)

org.apache.logging.log4j:log4j-core:2.20.0 (1 constraints: 120e7c46)

org.codehaus.plexus:plexus-utils:3.5.1 (1 constraints: e70d7738)

org.immutables:value:2.11.3 (1 constraints: 3905353b)

org.jdom:jdom2:2.0.6.1 (1 constraints: 450ec154)

org.jspecify:jspecify:1.0.0 (2 constraints: 9d1abe29)

org.ow2.asm:asm:9.4 (3 constraints: 0f201057)

org.ow2.asm:asm-commons:9.4 (1 constraints: 8d0deb1c)

org.ow2.asm:asm-tree:9.4 (1 constraints: e809e1a5)

org.vafer:jdependency:2.8.0 (1 constraints: e80d7a38)



[Test dependencies]

cglib:cglib-nodep:3.2.2 (1 constraints: 490ded24)

com.netflix.nebula:nebula-test:10.6.2 (2 constraints: d61de72d)

com.palantir.gradle.plugintesting:configuration-cache-spec:0.11.0 (1 constraints: 3405263b)

com.palantir.gradle.plugintesting:plugin-testing-core:0.11.0 (1 constraints: 3405263b)

com.palantir.safe-logging:logger:3.9.0 (1 constraints: a40c4f09)

com.palantir.safe-logging:logger-slf4j:3.9.0 (1 constraints: 070e6e42)

com.palantir.safe-logging:logger-spi:3.9.0 (2 constraints: 1d1e0c7c)

com.palantir.safe-logging:preconditions:3.9.0 (2 constraints: 391d51f4)

com.palantir.safe-logging:safe-logging:3.9.0 (6 constraints: d250cf12)

com.palantir.tracing:tracing:6.27.0 (1 constraints: 4105603b)

com.palantir.tracing:tracing-api:6.27.0 (1 constraints: d70c3016)

com.palantir.tritium:tritium-registry:0.105.0 (1 constraints: 68059740)

io.dropwizard.metrics:metrics-core:4.2.36 (1 constraints: c91056b6)

junit:junit:4.13.2 (2 constraints: ca1e3ab9)

org.apiguardian:apiguardian-api:1.1.2 (7 constraints: cc761de9)

org.codehaus.groovy:groovy:3.0.25 (3 constraints: 14347add)

org.hamcrest:hamcrest:2.2 (1 constraints: d20cdc04)

org.hamcrest:hamcrest-core:1.3 (1 constraints: cc05fe3f)

org.jetbrains:annotations:26.0.2 (1 constraints: 36116fd1)

org.junit.jupiter:junit-jupiter:5.13.4 (1 constraints: 7e074077)

org.junit.jupiter:junit-jupiter-api:5.13.4 (4 constraints: be46df8d)

org.junit.jupiter:junit-jupiter-engine:5.13.4 (1 constraints: 3a0e0a4a)

org.junit.jupiter:junit-jupiter-params:5.13.4 (2 constraints: f82423fc)

org.junit.platform:junit-platform-commons:1.13.4 (2 constraints: 39219184)

org.junit.platform:junit-platform-engine:1.13.4 (4 constraints: 3441687d)

org.junit.platform:junit-platform-launcher:1.13.4 (1 constraints: 3b05363b)

org.junit.vintage:junit-vintage-engine:5.13.4 (1 constraints: 3f054e3b)

org.objenesis:objenesis:2.4 (1 constraints: ea0c8c0a)

org.opentest4j:opentest4j:1.3.0 (2 constraints: cf209249)

org.slf4j:slf4j-api:2.0.17 (4 constraints: 2b3daaa3)

org.spockframework:spock-core:2.3-groovy-3.0 (3 constraints: 2c3deb38)

org.spockframework:spock-junit4:2.3-groovy-3.0 (1 constraints: 7a1000b0)
