# Run ./gradlew --write-locks to regenerate this file
com.google.code.findbugs:jsr305:3.0.2 (4 constraints: 472cfc5f)
com.google.errorprone:error_prone_annotations:2.21.1 (8 constraints: 6c6cd490)
com.google.guava:failureaccess:1.0.1 (1 constraints: 140ae1b4)
com.google.guava:guava:32.1.3-jre (3 constraints: b5267fa2)
com.google.guava:listenablefuture:9999.0-empty-to-avoid-conflict-with-guava (1 constraints: bd17c918)
com.google.j2objc:j2objc-annotations:2.8 (1 constraints: be09f5a0)
com.palantir.fork.com.github.johnrengelman:shadow:7.1.2.1 (1 constraints: 6b05b840)
org.checkerframework:checker-qual:3.40.0 (2 constraints: 870fa2a1)
org.codehaus.groovy:groovy-backports-compat23:3.0.8 (1 constraints: bf140d8c)
org.immutables:value:2.10.0 (1 constraints: 35052f3b)

[Test dependencies]
cglib:cglib-nodep:3.2.2 (1 constraints: 490ded24)
com.netflix.nebula:nebula-test:10.0.0 (1 constraints: 3305273b)
com.palantir.safe-logging:logger:3.5.0 (1 constraints: a00c4309)
com.palantir.safe-logging:logger-slf4j:3.5.0 (1 constraints: 030e6242)
com.palantir.safe-logging:logger-spi:3.5.0 (2 constraints: 151e387b)
com.palantir.safe-logging:preconditions:3.6.0 (2 constraints: 321d84f3)
com.palantir.safe-logging:safe-logging:3.6.0 (6 constraints: bd508809)
com.palantir.tracing:tracing:6.18.0 (1 constraints: 41055f3b)
com.palantir.tracing:tracing-api:6.18.0 (1 constraints: d70c2f16)
com.palantir.tritium:tritium-registry:0.79.0 (1 constraints: 4205563b)
commons-io:commons-io:2.15.0 (1 constraints: 3a053e3b)
io.dropwizard.metrics:metrics-core:4.2.21 (1 constraints: c3104fb6)
junit:junit:4.13.2 (2 constraints: 6a1ed87b)
org.apiguardian:apiguardian-api:1.1.2 (6 constraints: 896455cc)
org.codehaus.groovy:groovy:3.0.6 (2 constraints: 1e1b476d)
org.hamcrest:hamcrest:2.2 (1 constraints: d20cdc04)
org.hamcrest:hamcrest-core:1.3 (1 constraints: cc05fe3f)
org.jetbrains:annotations:24.0.1 (1 constraints: 331164d1)
org.junit.jupiter:junit-jupiter:5.10.0 (1 constraints: 3805413b)
org.junit.jupiter:junit-jupiter-api:5.10.0 (3 constraints: eb2fe84f)
org.junit.jupiter:junit-jupiter-engine:5.10.0 (1 constraints: 330efd49)
org.junit.jupiter:junit-jupiter-params:5.10.0 (1 constraints: 330efd49)
org.junit.platform:junit-platform-commons:1.10.0 (2 constraints: 2b211983)
org.junit.platform:junit-platform-engine:1.10.0 (3 constraints: ac2e4dc4)
org.junit.vintage:junit-vintage-engine:5.10.0 (1 constraints: 3805413b)
org.objenesis:objenesis:2.4 (1 constraints: ea0c8c0a)
org.opentest4j:opentest4j:1.3.0 (2 constraints: cf209249)
org.slf4j:slf4j-api:1.7.36 (4 constraints: 393d8da7)
org.spockframework:spock-core:2.0-M4-groovy-3.0 (2 constraints: e822d65a)
org.spockframework:spock-junit4:2.0-M4-groovy-3.0 (1 constraints: 25115ddf)
